
Microsoft Visual Studio Solution File, Format Version 12.00
# Visual Studio 15
VisualStudioVersion = 15.0.28010.2003
MinimumVisualStudioVersion = 10.0.40219.1
Project("{FAE04EC0-301F-11D3-BF4B-00C04F79EFBC}") = "Ribeiro.MF7.Domain", "Ribeiro.MF7.Domain\Ribeiro.MF7.Domain.csproj", "{28F84D57-86B3-416B-9D2B-D381FFC76393}"
EndProject
Project("{2150E333-8FDC-42A3-9474-1A3956D46DE8}") = "1. Distributed Services", "1. Distributed Services", "{F901B1AD-1C35-43D8-9A7F-978019499E32}"
EndProject
Project("{2150E333-8FDC-42A3-9474-1A3956D46DE8}") = "2. Applications", "2. Applications", "{375BDC16-B0D5-477C-9DDC-7C73EF568453}"
EndProject
Project("{2150E333-8FDC-42A3-9474-1A3956D46DE8}") = "3. Domain", "3. Domain", "{9EC97F88-2AFD-4075-BA34-800FC0330BF6}"
EndProject
Project("{2150E333-8FDC-42A3-9474-1A3956D46DE8}") = "4. Infrastructure", "4. Infrastructure", "{9736A5EA-48CA-4828-8791-59F1B8167ED2}"
EndProject
Project("{2150E333-8FDC-42A3-9474-1A3956D46DE8}") = "Tests", "Tests", "{71D110D1-33EB-4D78-8B57-E5B1D9C16898}"
EndProject
Project("{FAE04EC0-301F-11D3-BF4B-00C04F79EFBC}") = "Ribeiro.MF7.Applications", "Ribeiro.MF7.Applications\Ribeiro.MF7.Applications.csproj", "{F9A48FEA-CACF-42C6-980D-F4CA688AF57B}"
EndProject
Project("{FAE04EC0-301F-11D3-BF4B-00C04F79EFBC}") = "Ribeiro.MF7.Infra", "Ribeiro.MF7.Infra\Ribeiro.MF7.Infra.csproj", "{9E0AC0BD-8EE9-4422-861F-D3A8FCD017B1}"
EndProject
Project("{FAE04EC0-301F-11D3-BF4B-00C04F79EFBC}") = "Ribeiro.MF7.Api", "Ribeiro.MF7.Api\Ribeiro.MF7.Api.csproj", "{C368B0EC-AE18-4F08-8C48-AACDA80BE6E2}"
EndProject
Project("{FAE04EC0-301F-11D3-BF4B-00C04F79EFBC}") = "Ribeiro.MF7.Infra.ORM", "Ribeiro.MF7.Infra.ORM\Ribeiro.MF7.Infra.ORM.csproj", "{776B9038-C2F0-40CC-8E35-64A41E639AEA}"
EndProject
Project("{FAE04EC0-301F-11D3-BF4B-00C04F79EFBC}") = "Ribeiro.MF7.Common.Tests", "Ribeiro.MF7.Common.Tests\Ribeiro.MF7.Common.Tests.csproj", "{EB650BE3-FC02-46B4-9E5A-4E57D77A0A2B}"
EndProject
Project("{FAE04EC0-301F-11D3-BF4B-00C04F79EFBC}") = "Ribeiro.MF7.Infra.ORM.Tests", "Ribeiro.MF7.Infra.ORM.Tests\Ribeiro.MF7.Infra.ORM.Tests.csproj", "{6B852A24-57CC-49C8-A53C-2D541DD0319F}"
EndProject
Project("{FAE04EC0-301F-11D3-BF4B-00C04F79EFBC}") = "Ribeiro.MF7.Domain.Tests", "Ribeiro.MF7.Domain.Tests\Ribeiro.MF7.Domain.Tests.csproj", "{37288EBD-5607-482C-9F76-63EE74CB727D}"
EndProject
Project("{FAE04EC0-301F-11D3-BF4B-00C04F79EFBC}") = "Ribeiro.MF7.Applications.Tests", "Ribeiro.MF7.Applications.Tests\Ribeiro.MF7.Applications.Tests.csproj", "{00EB3A11-D7B9-44D4-8459-E1833F22E6FA}"
EndProject
Project("{FAE04EC0-301F-11D3-BF4B-00C04F79EFBC}") = "Ribeiro.MF7.Controllers.Tests", "Ribeiro.MF7.Controllers.Tests\Ribeiro.MF7.Controllers.Tests.csproj", "{7D67AC81-FBF2-4DE4-9CF8-8D2E365DEBB6}"
EndProject
Global
	GlobalSection(SolutionConfigurationPlatforms) = preSolution
		Debug|Any CPU = Debug|Any CPU
		Release|Any CPU = Release|Any CPU
	EndGlobalSection
	GlobalSection(ProjectConfigurationPlatforms) = postSolution
		{28F84D57-86B3-416B-9D2B-D381FFC76393}.Debug|Any CPU.ActiveCfg = Debug|Any CPU
		{28F84D57-86B3-416B-9D2B-D381FFC76393}.Debug|Any CPU.Build.0 = Debug|Any CPU
		{28F84D57-86B3-416B-9D2B-D381FFC76393}.Release|Any CPU.ActiveCfg = Release|Any CPU
		{28F84D57-86B3-416B-9D2B-D381FFC76393}.Release|Any CPU.Build.0 = Release|Any CPU
		{F9A48FEA-CACF-42C6-980D-F4CA688AF57B}.Debug|Any CPU.ActiveCfg = Debug|Any CPU
		{F9A48FEA-CACF-42C6-980D-F4CA688AF57B}.Debug|Any CPU.Build.0 = Debug|Any CPU
		{F9A48FEA-CACF-42C6-980D-F4CA688AF57B}.Release|Any CPU.ActiveCfg = Release|Any CPU
		{F9A48FEA-CACF-42C6-980D-F4CA688AF57B}.Release|Any CPU.Build.0 = Release|Any CPU
		{9E0AC0BD-8EE9-4422-861F-D3A8FCD017B1}.Debug|Any CPU.ActiveCfg = Debug|Any CPU
		{9E0AC0BD-8EE9-4422-861F-D3A8FCD017B1}.Debug|Any CPU.Build.0 = Debug|Any CPU
		{9E0AC0BD-8EE9-4422-861F-D3A8FCD017B1}.Release|Any CPU.ActiveCfg = Release|Any CPU
		{9E0AC0BD-8EE9-4422-861F-D3A8FCD017B1}.Release|Any CPU.Build.0 = Release|Any CPU
		{C368B0EC-AE18-4F08-8C48-AACDA80BE6E2}.Debug|Any CPU.ActiveCfg = Debug|Any CPU
		{C368B0EC-AE18-4F08-8C48-AACDA80BE6E2}.Debug|Any CPU.Build.0 = Debug|Any CPU
		{C368B0EC-AE18-4F08-8C48-AACDA80BE6E2}.Release|Any CPU.ActiveCfg = Release|Any CPU
		{C368B0EC-AE18-4F08-8C48-AACDA80BE6E2}.Release|Any CPU.Build.0 = Release|Any CPU
		{776B9038-C2F0-40CC-8E35-64A41E639AEA}.Debug|Any CPU.ActiveCfg = Debug|Any CPU
		{776B9038-C2F0-40CC-8E35-64A41E639AEA}.Debug|Any CPU.Build.0 = Debug|Any CPU
		{776B9038-C2F0-40CC-8E35-64A41E639AEA}.Release|Any CPU.ActiveCfg = Release|Any CPU
		{776B9038-C2F0-40CC-8E35-64A41E639AEA}.Release|Any CPU.Build.0 = Release|Any CPU
		{EB650BE3-FC02-46B4-9E5A-4E57D77A0A2B}.Debug|Any CPU.ActiveCfg = Debug|Any CPU
		{EB650BE3-FC02-46B4-9E5A-4E57D77A0A2B}.Debug|Any CPU.Build.0 = Debug|Any CPU
		{EB650BE3-FC02-46B4-9E5A-4E57D77A0A2B}.Release|Any CPU.ActiveCfg = Release|Any CPU
		{EB650BE3-FC02-46B4-9E5A-4E57D77A0A2B}.Release|Any CPU.Build.0 = Release|Any CPU
		{6B852A24-57CC-49C8-A53C-2D541DD0319F}.Debug|Any CPU.ActiveCfg = Debug|Any CPU
		{6B852A24-57CC-49C8-A53C-2D541DD0319F}.Debug|Any CPU.Build.0 = Debug|Any CPU
		{6B852A24-57CC-49C8-A53C-2D541DD0319F}.Release|Any CPU.ActiveCfg = Release|Any CPU
		{6B852A24-57CC-49C8-A53C-2D541DD0319F}.Release|Any CPU.Build.0 = Release|Any CPU
		{37288EBD-5607-482C-9F76-63EE74CB727D}.Debug|Any CPU.ActiveCfg = Debug|Any CPU
		{37288EBD-5607-482C-9F76-63EE74CB727D}.Debug|Any CPU.Build.0 = Debug|Any CPU
		{37288EBD-5607-482C-9F76-63EE74CB727D}.Release|Any CPU.ActiveCfg = Release|Any CPU
		{37288EBD-5607-482C-9F76-63EE74CB727D}.Release|Any CPU.Build.0 = Release|Any CPU
		{00EB3A11-D7B9-44D4-8459-E1833F22E6FA}.Debug|Any CPU.ActiveCfg = Debug|Any CPU
		{00EB3A11-D7B9-44D4-8459-E1833F22E6FA}.Debug|Any CPU.Build.0 = Debug|Any CPU
		{00EB3A11-D7B9-44D4-8459-E1833F22E6FA}.Release|Any CPU.ActiveCfg = Release|Any CPU
		{00EB3A11-D7B9-44D4-8459-E1833F22E6FA}.Release|Any CPU.Build.0 = Release|Any CPU
		{7D67AC81-FBF2-4DE4-9CF8-8D2E365DEBB6}.Debug|Any CPU.ActiveCfg = Debug|Any CPU
		{7D67AC81-FBF2-4DE4-9CF8-8D2E365DEBB6}.Debug|Any CPU.Build.0 = Debug|Any CPU
		{7D67AC81-FBF2-4DE4-9CF8-8D2E365DEBB6}.Release|Any CPU.ActiveCfg = Release|Any CPU
		{7D67AC81-FBF2-4DE4-9CF8-8D2E365DEBB6}.Release|Any CPU.Build.0 = Release|Any CPU
	EndGlobalSection
	GlobalSection(SolutionProperties) = preSolution
		HideSolutionNode = FALSE
	EndGlobalSection
	GlobalSection(NestedProjects) = preSolution
		{28F84D57-86B3-416B-9D2B-D381FFC76393} = {9EC97F88-2AFD-4075-BA34-800FC0330BF6}
		{F9A48FEA-CACF-42C6-980D-F4CA688AF57B} = {375BDC16-B0D5-477C-9DDC-7C73EF568453}
		{9E0AC0BD-8EE9-4422-861F-D3A8FCD017B1} = {9736A5EA-48CA-4828-8791-59F1B8167ED2}
		{C368B0EC-AE18-4F08-8C48-AACDA80BE6E2} = {F901B1AD-1C35-43D8-9A7F-978019499E32}
		{776B9038-C2F0-40CC-8E35-64A41E639AEA} = {9736A5EA-48CA-4828-8791-59F1B8167ED2}
		{EB650BE3-FC02-46B4-9E5A-4E57D77A0A2B} = {71D110D1-33EB-4D78-8B57-E5B1D9C16898}
		{6B852A24-57CC-49C8-A53C-2D541DD0319F} = {71D110D1-33EB-4D78-8B57-E5B1D9C16898}
		{37288EBD-5607-482C-9F76-63EE74CB727D} = {71D110D1-33EB-4D78-8B57-E5B1D9C16898}
		{00EB3A11-D7B9-44D4-8459-E1833F22E6FA} = {71D110D1-33EB-4D78-8B57-E5B1D9C16898}
		{7D67AC81-FBF2-4DE4-9CF8-8D2E365DEBB6} = {71D110D1-33EB-4D78-8B57-E5B1D9C16898}
	EndGlobalSection
	GlobalSection(ExtensibilityGlobals) = postSolution
		SolutionGuid = {807B4398-F4E9-4723-A0D9-F693892A486F}
	EndGlobalSection
EndGlobal
